
Microsoft Visual Studio Solution File, Format Version 12.00
# Visual Studio 15
VisualStudioVersion = 15.0.27130.2020
MinimumVisualStudioVersion = 10.0.40219.1
Project("{FAE04EC0-301F-11D3-BF4B-00C04F79EFBC}") = "MundoJuegos_SitioWeb", "MundoJuegos_SitioWeb\MundoJuegos_SitioWeb.csproj", "{03A4305B-5686-470C-BE41-D942C5EAAFC2}"
EndProject
Project("{FAE04EC0-301F-11D3-BF4B-00C04F79EFBC}") = "MundoJuegos_SitioWeb.Pruebas", "MundoJuegos_SitioWeb.Pruebas\MundoJuegos_SitioWeb.Pruebas.csproj", "{4572FCE0-64C1-48BF-BCF7-82BDDB8DFD18}"
EndProject
Project("{FAE04EC0-301F-11D3-BF4B-00C04F79EFBC}") = "MundoJuegos_SitioWeb.Entidades", "MundoJuegos_SitioWeb.Entidades\MundoJuegos_SitioWeb.Entidades.csproj", "{90DE22AB-2716-4ACA-A08A-5835AD1675B0}"
EndProject
Global
	GlobalSection(SolutionConfigurationPlatforms) = preSolution
		Debug|Any CPU = Debug|Any CPU
		Release|Any CPU = Release|Any CPU
	EndGlobalSection
	GlobalSection(ProjectConfigurationPlatforms) = postSolution
		{03A4305B-5686-470C-BE41-D942C5EAAFC2}.Debug|Any CPU.ActiveCfg = Debug|Any CPU
		{03A4305B-5686-470C-BE41-D942C5EAAFC2}.Debug|Any CPU.Build.0 = Debug|Any CPU
		{03A4305B-5686-470C-BE41-D942C5EAAFC2}.Release|Any CPU.ActiveCfg = Release|Any CPU
		{03A4305B-5686-470C-BE41-D942C5EAAFC2}.Release|Any CPU.Build.0 = Release|Any CPU
		{4572FCE0-64C1-48BF-BCF7-82BDDB8DFD18}.Debug|Any CPU.ActiveCfg = Debug|Any CPU
		{4572FCE0-64C1-48BF-BCF7-82BDDB8DFD18}.Debug|Any CPU.Build.0 = Debug|Any CPU
		{4572FCE0-64C1-48BF-BCF7-82BDDB8DFD18}.Release|Any CPU.ActiveCfg = Release|Any CPU
		{4572FCE0-64C1-48BF-BCF7-82BDDB8DFD18}.Release|Any CPU.Build.0 = Release|Any CPU
		{90DE22AB-2716-4ACA-A08A-5835AD1675B0}.Debug|Any CPU.ActiveCfg = Debug|Any CPU
		{90DE22AB-2716-4ACA-A08A-5835AD1675B0}.Debug|Any CPU.Build.0 = Debug|Any CPU
		{90DE22AB-2716-4ACA-A08A-5835AD1675B0}.Release|Any CPU.ActiveCfg = Release|Any CPU
		{90DE22AB-2716-4ACA-A08A-5835AD1675B0}.Release|Any CPU.Build.0 = Release|Any CPU
	EndGlobalSection
	GlobalSection(SolutionProperties) = preSolution
		HideSolutionNode = FALSE
	EndGlobalSection
	GlobalSection(ExtensibilityGlobals) = postSolution
		SolutionGuid = {97276D0F-AD8F-41A7-93B8-E2E7C1DAF25B}
	EndGlobalSection
EndGlobal
